
Microsoft Visual Studio Solution File, Format Version 12.00
Project("{FAE04EC0-301F-11D3-BF4B-00C04F79EFBC}") = "NbpDataWebApp", "NbpDataWebApp\NbpDataWebApp.csproj", "{5DF9FD3B-9CBF-46D9-97C9-EC775934C625}"
EndProject
Global
	GlobalSection(SolutionConfigurationPlatforms) = preSolution
		Debug|Any CPU = Debug|Any CPU
		Release|Any CPU = Release|Any CPU
	EndGlobalSection
	GlobalSection(ProjectConfigurationPlatforms) = postSolution
		{5DF9FD3B-9CBF-46D9-97C9-EC775934C625}.Debug|Any CPU.ActiveCfg = Debug|Any CPU
		{5DF9FD3B-9CBF-46D9-97C9-EC775934C625}.Debug|Any CPU.Build.0 = Debug|Any CPU
		{5DF9FD3B-9CBF-46D9-97C9-EC775934C625}.Release|Any CPU.ActiveCfg = Release|Any CPU
		{5DF9FD3B-9CBF-46D9-97C9-EC775934C625}.Release|Any CPU.Build.0 = Release|Any CPU
	EndGlobalSection
EndGlobal
